// !$*UTF8*$!
{
	archiveVersion = 1;
	classes = {
	};
	objectVersion = 56;
	objects = {

/* Begin PBXBuildFile section */
		552755672BA5768400A66615 /* SwiftSoup in Frameworks */ = {isa = PBXBuildFile; productRef = 552755662BA5768400A66615 /* SwiftSoup */; };
		5532CC042B98878C00A36216 /* LaunchScreenViewController.swift in Sources */ = {isa = PBXBuildFile; fileRef = 5532CC032B98878C00A36216 /* LaunchScreenViewController.swift */; };
		5532CC072B988B1100A36216 /* SnapKit in Frameworks */ = {isa = PBXBuildFile; productRef = 5532CC062B988B1100A36216 /* SnapKit */; };
		5532CC092B988B1100A36216 /* SnapKit-Dynamic in Frameworks */ = {isa = PBXBuildFile; productRef = 5532CC082B988B1100A36216 /* SnapKit-Dynamic */; };
		5532CC0C2B988B7500A36216 /* Alamofire in Frameworks */ = {isa = PBXBuildFile; productRef = 5532CC0B2B988B7500A36216 /* Alamofire */; };
		5532CC0E2B988B7500A36216 /* AlamofireDynamic in Frameworks */ = {isa = PBXBuildFile; productRef = 5532CC0D2B988B7500A36216 /* AlamofireDynamic */; };
		5532CC112B988B9600A36216 /* RxBlocking in Frameworks */ = {isa = PBXBuildFile; productRef = 5532CC102B988B9600A36216 /* RxBlocking */; };
		5532CC132B988B9600A36216 /* RxBlocking-Dynamic in Frameworks */ = {isa = PBXBuildFile; productRef = 5532CC122B988B9600A36216 /* RxBlocking-Dynamic */; };
		5532CC152B988B9600A36216 /* RxCocoa in Frameworks */ = {isa = PBXBuildFile; productRef = 5532CC142B988B9600A36216 /* RxCocoa */; };
		5532CC172B988B9600A36216 /* RxCocoa-Dynamic in Frameworks */ = {isa = PBXBuildFile; productRef = 5532CC162B988B9600A36216 /* RxCocoa-Dynamic */; };
		5532CC192B988B9600A36216 /* RxRelay in Frameworks */ = {isa = PBXBuildFile; productRef = 5532CC182B988B9600A36216 /* RxRelay */; };
		5532CC1C2B988FD800A36216 /* Color+Extension.swift in Sources */ = {isa = PBXBuildFile; fileRef = 5532CC1B2B988FD800A36216 /* Color+Extension.swift */; };
		5532CC1F2B9895C700A36216 /* LoginViewController.swift in Sources */ = {isa = PBXBuildFile; fileRef = 5532CC1E2B9895C700A36216 /* LoginViewController.swift */; };
		5532CC212B98960400A36216 /* TextField+Extension.swift in Sources */ = {isa = PBXBuildFile; fileRef = 5532CC202B98960400A36216 /* TextField+Extension.swift */; };
		559746BD2B9EC610006BBCB3 /* Button+Extension.swift in Sources */ = {isa = PBXBuildFile; fileRef = 559746BC2B9EC610006BBCB3 /* Button+Extension.swift */; };
		559746BF2B9ECB55006BBCB3 /* PassViewController.swift in Sources */ = {isa = PBXBuildFile; fileRef = 559746BE2B9ECB55006BBCB3 /* PassViewController.swift */; };
		559746C12B9ECB6A006BBCB3 /* ReserveViewController.swift in Sources */ = {isa = PBXBuildFile; fileRef = 559746C02B9ECB6A006BBCB3 /* ReserveViewController.swift */; };
		55BD43B42B96DF7100700653 /* AppDelegate.swift in Sources */ = {isa = PBXBuildFile; fileRef = 55BD43B32B96DF7100700653 /* AppDelegate.swift */; };
		55BD43B62B96DF7100700653 /* SceneDelegate.swift in Sources */ = {isa = PBXBuildFile; fileRef = 55BD43B52B96DF7100700653 /* SceneDelegate.swift */; };
		55BD43B82B96DF7100700653 /* RootViewController.swift in Sources */ = {isa = PBXBuildFile; fileRef = 55BD43B72B96DF7100700653 /* RootViewController.swift */; };
		55BD43BD2B96DF7200700653 /* Assets.xcassets in Resources */ = {isa = PBXBuildFile; fileRef = 55BD43BC2B96DF7200700653 /* Assets.xcassets */; };
/* End PBXBuildFile section */

/* Begin PBXFileReference section */
		5532CC032B98878C00A36216 /* LaunchScreenViewController.swift */ = {isa = PBXFileReference; lastKnownFileType = sourcecode.swift; path = LaunchScreenViewController.swift; sourceTree = "<group>"; };
		5532CC1B2B988FD800A36216 /* Color+Extension.swift */ = {isa = PBXFileReference; lastKnownFileType = sourcecode.swift; path = "Color+Extension.swift"; sourceTree = "<group>"; };
		5532CC1E2B9895C700A36216 /* LoginViewController.swift */ = {isa = PBXFileReference; lastKnownFileType = sourcecode.swift; path = LoginViewController.swift; sourceTree = "<group>"; };
		5532CC202B98960400A36216 /* TextField+Extension.swift */ = {isa = PBXFileReference; lastKnownFileType = sourcecode.swift; path = "TextField+Extension.swift"; sourceTree = "<group>"; };
		559746BC2B9EC610006BBCB3 /* Button+Extension.swift */ = {isa = PBXFileReference; lastKnownFileType = sourcecode.swift; path = "Button+Extension.swift"; sourceTree = "<group>"; };
		559746BE2B9ECB55006BBCB3 /* PassViewController.swift */ = {isa = PBXFileReference; lastKnownFileType = sourcecode.swift; path = PassViewController.swift; sourceTree = "<group>"; };
		559746C02B9ECB6A006BBCB3 /* ReserveViewController.swift */ = {isa = PBXFileReference; lastKnownFileType = sourcecode.swift; path = ReserveViewController.swift; sourceTree = "<group>"; };
		55BD43B02B96DF7100700653 /* KHULibrary.app */ = {isa = PBXFileReference; explicitFileType = wrapper.application; includeInIndex = 0; path = KHULibrary.app; sourceTree = BUILT_PRODUCTS_DIR; };
		55BD43B32B96DF7100700653 /* AppDelegate.swift */ = {isa = PBXFileReference; lastKnownFileType = sourcecode.swift; path = AppDelegate.swift; sourceTree = "<group>"; };
		55BD43B52B96DF7100700653 /* SceneDelegate.swift */ = {isa = PBXFileReference; lastKnownFileType = sourcecode.swift; path = SceneDelegate.swift; sourceTree = "<group>"; };
		55BD43B72B96DF7100700653 /* RootViewController.swift */ = {isa = PBXFileReference; lastKnownFileType = sourcecode.swift; path = RootViewController.swift; sourceTree = "<group>"; };
		55BD43BC2B96DF7200700653 /* Assets.xcassets */ = {isa = PBXFileReference; lastKnownFileType = folder.assetcatalog; path = Assets.xcassets; sourceTree = "<group>"; };
		55BD43C12B96DF7200700653 /* Info.plist */ = {isa = PBXFileReference; lastKnownFileType = text.plist.xml; path = Info.plist; sourceTree = "<group>"; };
/* End PBXFileReference section */

/* Begin PBXFrameworksBuildPhase section */
		55BD43AD2B96DF7100700653 /* Frameworks */ = {
			isa = PBXFrameworksBuildPhase;
			buildActionMask = 2147483647;
			files = (
				5532CC192B988B9600A36216 /* RxRelay in Frameworks */,
				5532CC172B988B9600A36216 /* RxCocoa-Dynamic in Frameworks */,
				5532CC0C2B988B7500A36216 /* Alamofire in Frameworks */,
				5532CC0E2B988B7500A36216 /* AlamofireDynamic in Frameworks */,
				5532CC072B988B1100A36216 /* SnapKit in Frameworks */,
				5532CC152B988B9600A36216 /* RxCocoa in Frameworks */,
				5532CC132B988B9600A36216 /* RxBlocking-Dynamic in Frameworks */,
				5532CC092B988B1100A36216 /* SnapKit-Dynamic in Frameworks */,
				5532CC112B988B9600A36216 /* RxBlocking in Frameworks */,
				552755672BA5768400A66615 /* SwiftSoup in Frameworks */,
			);
			runOnlyForDeploymentPostprocessing = 0;
		};
/* End PBXFrameworksBuildPhase section */

/* Begin PBXGroup section */
		5532CC1A2B988FC600A36216 /* Extension */ = {
			isa = PBXGroup;
			children = (
				5532CC1B2B988FD800A36216 /* Color+Extension.swift */,
				5532CC202B98960400A36216 /* TextField+Extension.swift */,
				559746BC2B9EC610006BBCB3 /* Button+Extension.swift */,
			);
			path = Extension;
			sourceTree = "<group>";
		};
		5532CC1D2B988FE200A36216 /* ViewController */ = {
			isa = PBXGroup;
			children = (
				5532CC032B98878C00A36216 /* LaunchScreenViewController.swift */,
				5532CC1E2B9895C700A36216 /* LoginViewController.swift */,
				55BD43B72B96DF7100700653 /* RootViewController.swift */,
				559746BE2B9ECB55006BBCB3 /* PassViewController.swift */,
				559746C02B9ECB6A006BBCB3 /* ReserveViewController.swift */,
			);
			path = ViewController;
			sourceTree = "<group>";
		};
		55BD43A72B96DF7100700653 = {
			isa = PBXGroup;
			children = (
				55BD43B22B96DF7100700653 /* KHULibrary */,
				55BD43B12B96DF7100700653 /* Products */,
			);
			sourceTree = "<group>";
		};
		55BD43B12B96DF7100700653 /* Products */ = {
			isa = PBXGroup;
			children = (
				55BD43B02B96DF7100700653 /* KHULibrary.app */,
			);
			name = Products;
			sourceTree = "<group>";
		};
		55BD43B22B96DF7100700653 /* KHULibrary */ = {
			isa = PBXGroup;
			children = (
				5532CC1D2B988FE200A36216 /* ViewController */,
				55BD43B32B96DF7100700653 /* AppDelegate.swift */,
				55BD43B52B96DF7100700653 /* SceneDelegate.swift */,
				55BD43BC2B96DF7200700653 /* Assets.xcassets */,
				5532CC1A2B988FC600A36216 /* Extension */,
				55BD43C12B96DF7200700653 /* Info.plist */,
			);
			path = KHULibrary;
			sourceTree = "<group>";
		};
/* End PBXGroup section */

/* Begin PBXNativeTarget section */
		55BD43AF2B96DF7100700653 /* KHULibrary */ = {
			isa = PBXNativeTarget;
			buildConfigurationList = 55BD43C42B96DF7200700653 /* Build configuration list for PBXNativeTarget "KHULibrary" */;
			buildPhases = (
				55BD43AC2B96DF7100700653 /* Sources */,
				55BD43AD2B96DF7100700653 /* Frameworks */,
				55BD43AE2B96DF7100700653 /* Resources */,
			);
			buildRules = (
			);
			dependencies = (
			);
			name = KHULibrary;
			packageProductDependencies = (
				5532CC062B988B1100A36216 /* SnapKit */,
				5532CC082B988B1100A36216 /* SnapKit-Dynamic */,
				5532CC0B2B988B7500A36216 /* Alamofire */,
				5532CC0D2B988B7500A36216 /* AlamofireDynamic */,
				5532CC102B988B9600A36216 /* RxBlocking */,
				5532CC122B988B9600A36216 /* RxBlocking-Dynamic */,
				5532CC142B988B9600A36216 /* RxCocoa */,
				5532CC162B988B9600A36216 /* RxCocoa-Dynamic */,
				5532CC182B988B9600A36216 /* RxRelay */,
				552755662BA5768400A66615 /* SwiftSoup */,
			);
			productName = KHULibrary;
			productReference = 55BD43B02B96DF7100700653 /* KHULibrary.app */;
			productType = "com.apple.product-type.application";
		};
/* End PBXNativeTarget section */

/* Begin PBXProject section */
		55BD43A82B96DF7100700653 /* Project object */ = {
			isa = PBXProject;
			attributes = {
				BuildIndependentTargetsInParallel = 1;
				LastSwiftUpdateCheck = 1520;
				LastUpgradeCheck = 1520;
				TargetAttributes = {
					55BD43AF2B96DF7100700653 = {
						CreatedOnToolsVersion = 15.2;
					};
				};
			};
			buildConfigurationList = 55BD43AB2B96DF7100700653 /* Build configuration list for PBXProject "KHULibrary" */;
			compatibilityVersion = "Xcode 14.0";
			developmentRegion = en;
			hasScannedForEncodings = 0;
			knownRegions = (
				en,
				Base,
			);
			mainGroup = 55BD43A72B96DF7100700653;
			packageReferences = (
				5532CC052B988B1100A36216 /* XCRemoteSwiftPackageReference "SnapKit" */,
				5532CC0A2B988B7500A36216 /* XCRemoteSwiftPackageReference "Alamofire" */,
				5532CC0F2B988B9600A36216 /* XCRemoteSwiftPackageReference "RxSwift" */,
				552755652BA5768400A66615 /* XCRemoteSwiftPackageReference "SwiftSoup" */,
			);
			productRefGroup = 55BD43B12B96DF7100700653 /* Products */;
			projectDirPath = "";
			projectRoot = "";
			targets = (
				55BD43AF2B96DF7100700653 /* KHULibrary */,
			);
		};
/* End PBXProject section */

/* Begin PBXResourcesBuildPhase section */
		55BD43AE2B96DF7100700653 /* Resources */ = {
			isa = PBXResourcesBuildPhase;
			buildActionMask = 2147483647;
			files = (
				55BD43BD2B96DF7200700653 /* Assets.xcassets in Resources */,
			);
			runOnlyForDeploymentPostprocessing = 0;
		};
/* End PBXResourcesBuildPhase section */

/* Begin PBXSourcesBuildPhase section */
		55BD43AC2B96DF7100700653 /* Sources */ = {
			isa = PBXSourcesBuildPhase;
			buildActionMask = 2147483647;
			files = (
				5532CC1F2B9895C700A36216 /* LoginViewController.swift in Sources */,
				55BD43B82B96DF7100700653 /* RootViewController.swift in Sources */,
				5532CC1C2B988FD800A36216 /* Color+Extension.swift in Sources */,
				55BD43B42B96DF7100700653 /* AppDelegate.swift in Sources */,
				5532CC212B98960400A36216 /* TextField+Extension.swift in Sources */,
				559746C12B9ECB6A006BBCB3 /* ReserveViewController.swift in Sources */,
				559746BD2B9EC610006BBCB3 /* Button+Extension.swift in Sources */,
				559746BF2B9ECB55006BBCB3 /* PassViewController.swift in Sources */,
				5532CC042B98878C00A36216 /* LaunchScreenViewController.swift in Sources */,
				55BD43B62B96DF7100700653 /* SceneDelegate.swift in Sources */,
			);
			runOnlyForDeploymentPostprocessing = 0;
		};
/* End PBXSourcesBuildPhase section */

/* Begin XCBuildConfiguration section */
		55BD43C22B96DF7200700653 /* Debug */ = {
			isa = XCBuildConfiguration;
			buildSettings = {
				ALWAYS_SEARCH_USER_PATHS = NO;
				ASSETCATALOG_COMPILER_GENERATE_SWIFT_ASSET_SYMBOL_EXTENSIONS = YES;
				CLANG_ANALYZER_NONNULL = YES;
				CLANG_ANALYZER_NUMBER_OBJECT_CONVERSION = YES_AGGRESSIVE;
				CLANG_CXX_LANGUAGE_STANDARD = "gnu++20";
				CLANG_ENABLE_MODULES = YES;
				CLANG_ENABLE_OBJC_ARC = YES;
				CLANG_ENABLE_OBJC_WEAK = YES;
				CLANG_WARN_BLOCK_CAPTURE_AUTORELEASING = YES;
				CLANG_WARN_BOOL_CONVERSION = YES;
				CLANG_WARN_COMMA = YES;
				CLANG_WARN_CONSTANT_CONVERSION = YES;
				CLANG_WARN_DEPRECATED_OBJC_IMPLEMENTATIONS = YES;
				CLANG_WARN_DIRECT_OBJC_ISA_USAGE = YES_ERROR;
				CLANG_WARN_DOCUMENTATION_COMMENTS = YES;
				CLANG_WARN_EMPTY_BODY = YES;
				CLANG_WARN_ENUM_CONVERSION = YES;
				CLANG_WARN_INFINITE_RECURSION = YES;
				CLANG_WARN_INT_CONVERSION = YES;
				CLANG_WARN_NON_LITERAL_NULL_CONVERSION = YES;
				CLANG_WARN_OBJC_IMPLICIT_RETAIN_SELF = YES;
				CLANG_WARN_OBJC_LITERAL_CONVERSION = YES;
				CLANG_WARN_OBJC_ROOT_CLASS = YES_ERROR;
				CLANG_WARN_QUOTED_INCLUDE_IN_FRAMEWORK_HEADER = YES;
				CLANG_WARN_RANGE_LOOP_ANALYSIS = YES;
				CLANG_WARN_STRICT_PROTOTYPES = YES;
				CLANG_WARN_SUSPICIOUS_MOVE = YES;
				CLANG_WARN_UNGUARDED_AVAILABILITY = YES_AGGRESSIVE;
				CLANG_WARN_UNREACHABLE_CODE = YES;
				CLANG_WARN__DUPLICATE_METHOD_MATCH = YES;
				COPY_PHASE_STRIP = NO;
				DEBUG_INFORMATION_FORMAT = dwarf;
				ENABLE_STRICT_OBJC_MSGSEND = YES;
				ENABLE_TESTABILITY = YES;
				ENABLE_USER_SCRIPT_SANDBOXING = YES;
				GCC_C_LANGUAGE_STANDARD = gnu17;
				GCC_DYNAMIC_NO_PIC = NO;
				GCC_NO_COMMON_BLOCKS = YES;
				GCC_OPTIMIZATION_LEVEL = 0;
				GCC_PREPROCESSOR_DEFINITIONS = (
					"DEBUG=1",
					"$(inherited)",
				);
				GCC_WARN_64_TO_32_BIT_CONVERSION = YES;
				GCC_WARN_ABOUT_RETURN_TYPE = YES_ERROR;
				GCC_WARN_UNDECLARED_SELECTOR = YES;
				GCC_WARN_UNINITIALIZED_AUTOS = YES_AGGRESSIVE;
				GCC_WARN_UNUSED_FUNCTION = YES;
				GCC_WARN_UNUSED_VARIABLE = YES;
				IPHONEOS_DEPLOYMENT_TARGET = 17.2;
				LOCALIZATION_PREFERS_STRING_CATALOGS = YES;
				MTL_ENABLE_DEBUG_INFO = INCLUDE_SOURCE;
				MTL_FAST_MATH = YES;
				ONLY_ACTIVE_ARCH = YES;
				SDKROOT = iphoneos;
				SWIFT_ACTIVE_COMPILATION_CONDITIONS = "DEBUG $(inherited)";
				SWIFT_OPTIMIZATION_LEVEL = "-Onone";
			};
			name = Debug;
		};
		55BD43C32B96DF7200700653 /* Release */ = {
			isa = XCBuildConfiguration;
			buildSettings = {
				ALWAYS_SEARCH_USER_PATHS = NO;
				ASSETCATALOG_COMPILER_GENERATE_SWIFT_ASSET_SYMBOL_EXTENSIONS = YES;
				CLANG_ANALYZER_NONNULL = YES;
				CLANG_ANALYZER_NUMBER_OBJECT_CONVERSION = YES_AGGRESSIVE;
				CLANG_CXX_LANGUAGE_STANDARD = "gnu++20";
				CLANG_ENABLE_MODULES = YES;
				CLANG_ENABLE_OBJC_ARC = YES;
				CLANG_ENABLE_OBJC_WEAK = YES;
				CLANG_WARN_BLOCK_CAPTURE_AUTORELEASING = YES;
				CLANG_WARN_BOOL_CONVERSION = YES;
				CLANG_WARN_COMMA = YES;
				CLANG_WARN_CONSTANT_CONVERSION = YES;
				CLANG_WARN_DEPRECATED_OBJC_IMPLEMENTATIONS = YES;
				CLANG_WARN_DIRECT_OBJC_ISA_USAGE = YES_ERROR;
				CLANG_WARN_DOCUMENTATION_COMMENTS = YES;
				CLANG_WARN_EMPTY_BODY = YES;
				CLANG_WARN_ENUM_CONVERSION = YES;
				CLANG_WARN_INFINITE_RECURSION = YES;
				CLANG_WARN_INT_CONVERSION = YES;
				CLANG_WARN_NON_LITERAL_NULL_CONVERSION = YES;
				CLANG_WARN_OBJC_IMPLICIT_RETAIN_SELF = YES;
				CLANG_WARN_OBJC_LITERAL_CONVERSION = YES;
				CLANG_WARN_OBJC_ROOT_CLASS = YES_ERROR;
				CLANG_WARN_QUOTED_INCLUDE_IN_FRAMEWORK_HEADER = YES;
				CLANG_WARN_RANGE_LOOP_ANALYSIS = YES;
				CLANG_WARN_STRICT_PROTOTYPES = YES;
				CLANG_WARN_SUSPICIOUS_MOVE = YES;
				CLANG_WARN_UNGUARDED_AVAILABILITY = YES_AGGRESSIVE;
				CLANG_WARN_UNREACHABLE_CODE = YES;
				CLANG_WARN__DUPLICATE_METHOD_MATCH = YES;
				COPY_PHASE_STRIP = NO;
				DEBUG_INFORMATION_FORMAT = "dwarf-with-dsym";
				ENABLE_NS_ASSERTIONS = NO;
				ENABLE_STRICT_OBJC_MSGSEND = YES;
				ENABLE_USER_SCRIPT_SANDBOXING = YES;
				GCC_C_LANGUAGE_STANDARD = gnu17;
				GCC_NO_COMMON_BLOCKS = YES;
				GCC_WARN_64_TO_32_BIT_CONVERSION = YES;
				GCC_WARN_ABOUT_RETURN_TYPE = YES_ERROR;
				GCC_WARN_UNDECLARED_SELECTOR = YES;
				GCC_WARN_UNINITIALIZED_AUTOS = YES_AGGRESSIVE;
				GCC_WARN_UNUSED_FUNCTION = YES;
				GCC_WARN_UNUSED_VARIABLE = YES;
				IPHONEOS_DEPLOYMENT_TARGET = 17.2;
				LOCALIZATION_PREFERS_STRING_CATALOGS = YES;
				MTL_ENABLE_DEBUG_INFO = NO;
				MTL_FAST_MATH = YES;
				SDKROOT = iphoneos;
				SWIFT_COMPILATION_MODE = wholemodule;
				VALIDATE_PRODUCT = YES;
			};
			name = Release;
		};
		55BD43C52B96DF7200700653 /* Debug */ = {
			isa = XCBuildConfiguration;
			buildSettings = {
				ASSETCATALOG_COMPILER_APPICON_NAME = AppIcon;
				ASSETCATALOG_COMPILER_GLOBAL_ACCENT_COLOR_NAME = AccentColor;
				CODE_SIGN_STYLE = Automatic;
				CURRENT_PROJECT_VERSION = 1;
				GENERATE_INFOPLIST_FILE = YES;
				INFOPLIST_FILE = KHULibrary/Info.plist;
				INFOPLIST_KEY_UIApplicationSupportsIndirectInputEvents = YES;
				INFOPLIST_KEY_UILaunchStoryboardName = LaunchScreen;
				INFOPLIST_KEY_UISupportedInterfaceOrientations_iPad = "UIInterfaceOrientationPortrait UIInterfaceOrientationPortraitUpsideDown UIInterfaceOrientationLandscapeLeft UIInterfaceOrientationLandscapeRight";
				INFOPLIST_KEY_UISupportedInterfaceOrientations_iPhone = "UIInterfaceOrientationPortrait UIInterfaceOrientationLandscapeLeft UIInterfaceOrientationLandscapeRight";
				LD_RUNPATH_SEARCH_PATHS = (
					"$(inherited)",
					"@executable_path/Frameworks",
				);
				MARKETING_VERSION = 1.0;
				PRODUCT_BUNDLE_IDENTIFIER = Colli.KHULibrary;
				PRODUCT_NAME = "$(TARGET_NAME)";
				SWIFT_EMIT_LOC_STRINGS = YES;
				SWIFT_VERSION = 5.0;
				TARGETED_DEVICE_FAMILY = "1,2";
			};
			name = Debug;
		};
		55BD43C62B96DF7200700653 /* Release */ = {
			isa = XCBuildConfiguration;
			buildSettings = {
				ASSETCATALOG_COMPILER_APPICON_NAME = AppIcon;
				ASSETCATALOG_COMPILER_GLOBAL_ACCENT_COLOR_NAME = AccentColor;
				CODE_SIGN_STYLE = Automatic;
				CURRENT_PROJECT_VERSION = 1;
				GENERATE_INFOPLIST_FILE = YES;
				INFOPLIST_FILE = KHULibrary/Info.plist;
				INFOPLIST_KEY_UIApplicationSupportsIndirectInputEvents = YES;
				INFOPLIST_KEY_UILaunchStoryboardName = LaunchScreen;
				INFOPLIST_KEY_UISupportedInterfaceOrientations_iPad = "UIInterfaceOrientationPortrait UIInterfaceOrientationPortraitUpsideDown UIInterfaceOrientationLandscapeLeft UIInterfaceOrientationLandscapeRight";
				INFOPLIST_KEY_UISupportedInterfaceOrientations_iPhone = "UIInterfaceOrientationPortrait UIInterfaceOrientationLandscapeLeft UIInterfaceOrientationLandscapeRight";
				LD_RUNPATH_SEARCH_PATHS = (
					"$(inherited)",
					"@executable_path/Frameworks",
				);
				MARKETING_VERSION = 1.0;
				PRODUCT_BUNDLE_IDENTIFIER = Colli.KHULibrary;
				PRODUCT_NAME = "$(TARGET_NAME)";
				SWIFT_EMIT_LOC_STRINGS = YES;
				SWIFT_VERSION = 5.0;
				TARGETED_DEVICE_FAMILY = "1,2";
			};
			name = Release;
		};
/* End XCBuildConfiguration section */

/* Begin XCConfigurationList section */
		55BD43AB2B96DF7100700653 /* Build configuration list for PBXProject "KHULibrary" */ = {
			isa = XCConfigurationList;
			buildConfigurations = (
				55BD43C22B96DF7200700653 /* Debug */,
				55BD43C32B96DF7200700653 /* Release */,
			);
			defaultConfigurationIsVisible = 0;
			defaultConfigurationName = Release;
		};
		55BD43C42B96DF7200700653 /* Build configuration list for PBXNativeTarget "KHULibrary" */ = {
			isa = XCConfigurationList;
			buildConfigurations = (
				55BD43C52B96DF7200700653 /* Debug */,
				55BD43C62B96DF7200700653 /* Release */,
			);
			defaultConfigurationIsVisible = 0;
			defaultConfigurationName = Release;
		};
/* End XCConfigurationList section */

/* Begin XCRemoteSwiftPackageReference section */
		552755652BA5768400A66615 /* XCRemoteSwiftPackageReference "SwiftSoup" */ = {
			isa = XCRemoteSwiftPackageReference;
			repositoryURL = "https://github.com/scinfu/SwiftSoup";
			requirement = {
				kind = upToNextMajorVersion;
				minimumVersion = 2.7.1;
			};
		};
		5532CC052B988B1100A36216 /* XCRemoteSwiftPackageReference "SnapKit" */ = {
			isa = XCRemoteSwiftPackageReference;
			repositoryURL = "https://github.com/SnapKit/SnapKit.git";
			requirement = {
				kind = upToNextMajorVersion;
				minimumVersion = 5.7.1;
			};
		};
		5532CC0A2B988B7500A36216 /* XCRemoteSwiftPackageReference "Alamofire" */ = {
			isa = XCRemoteSwiftPackageReference;
			repositoryURL = "https://github.com/Alamofire/Alamofire";
			requirement = {
				kind = upToNextMajorVersion;
				minimumVersion = 5.9.0;
			};
		};
		5532CC0F2B988B9600A36216 /* XCRemoteSwiftPackageReference "RxSwift" */ = {
			isa = XCRemoteSwiftPackageReference;
			repositoryURL = "https://github.com/ReactiveX/RxSwift";
			requirement = {
				kind = upToNextMajorVersion;
				minimumVersion = 6.6.0;
			};
		};
/* End XCRemoteSwiftPackageReference section */

/* Begin XCSwiftPackageProductDependency section */
		552755662BA5768400A66615 /* SwiftSoup */ = {
			isa = XCSwiftPackageProductDependency;
			package = 552755652BA5768400A66615 /* XCRemoteSwiftPackageReference "SwiftSoup" */;
			productName = SwiftSoup;
		};
		5532CC062B988B1100A36216 /* SnapKit */ = {
			isa = XCSwiftPackageProductDependency;
			package = 5532CC052B988B1100A36216 /* XCRemoteSwiftPackageReference "SnapKit" */;
			productName = SnapKit;
		};
		5532CC082B988B1100A36216 /* SnapKit-Dynamic */ = {
			isa = XCSwiftPackageProductDependency;
			package = 5532CC052B988B1100A36216 /* XCRemoteSwiftPackageReference "SnapKit" */;
			productName = "SnapKit-Dynamic";
		};
		5532CC0B2B988B7500A36216 /* Alamofire */ = {
			isa = XCSwiftPackageProductDependency;
			package = 5532CC0A2B988B7500A36216 /* XCRemoteSwiftPackageReference "Alamofire" */;
			productName = Alamofire;
		};
		5532CC0D2B988B7500A36216 /* AlamofireDynamic */ = {
			isa = XCSwiftPackageProductDependency;
			package = 5532CC0A2B988B7500A36216 /* XCRemoteSwiftPackageReference "Alamofire" */;
			productName = AlamofireDynamic;
		};
		5532CC102B988B9600A36216 /* RxBlocking */ = {
			isa = XCSwiftPackageProductDependency;
			package = 5532CC0F2B988B9600A36216 /* XCRemoteSwiftPackageReference "RxSwift" */;
			productName = RxBlocking;
		};
		5532CC122B988B9600A36216 /* RxBlocking-Dynamic */ = {
			isa = XCSwiftPackageProductDependency;
			package = 5532CC0F2B988B9600A36216 /* XCRemoteSwiftPackageReference "RxSwift" */;
			productName = "RxBlocking-Dynamic";
		};
		5532CC142B988B9600A36216 /* RxCocoa */ = {
			isa = XCSwiftPackageProductDependency;
			package = 5532CC0F2B988B9600A36216 /* XCRemoteSwiftPackageReference "RxSwift" */;
			productName = RxCocoa;
		};
		5532CC162B988B9600A36216 /* RxCocoa-Dynamic */ = {
			isa = XCSwiftPackageProductDependency;
			package = 5532CC0F2B988B9600A36216 /* XCRemoteSwiftPackageReference "RxSwift" */;
			productName = "RxCocoa-Dynamic";
		};
		5532CC182B988B9600A36216 /* RxRelay */ = {
			isa = XCSwiftPackageProductDependency;
			package = 5532CC0F2B988B9600A36216 /* XCRemoteSwiftPackageReference "RxSwift" */;
			productName = RxRelay;
		};
/* End XCSwiftPackageProductDependency section */
	};
	rootObject = 55BD43A82B96DF7100700653 /* Project object */;
}
